
Microsoft Visual Studio Solution File, Format Version 12.00
Project("{FAE04EC0-301F-11D3-BF4B-00C04F79EFBC}") = "ChargeDamage", "ChargeDamage.csproj", "{D0872B53-69F1-4A4B-BABA-718332C84A5D}"
EndProject
Global
	GlobalSection(SolutionConfigurationPlatforms) = preSolution
		Debug|Any CPU = Debug|Any CPU
		Release|Any CPU = Release|Any CPU
	EndGlobalSection
	GlobalSection(ProjectConfigurationPlatforms) = postSolution
		{D0872B53-69F1-4A4B-BABA-718332C84A5D}.Debug|Any CPU.ActiveCfg = Debug|Any CPU
		{D0872B53-69F1-4A4B-BABA-718332C84A5D}.Debug|Any CPU.Build.0 = Debug|Any CPU
		{D0872B53-69F1-4A4B-BABA-718332C84A5D}.Release|Any CPU.ActiveCfg = Release|Any CPU
		{D0872B53-69F1-4A4B-BABA-718332C84A5D}.Release|Any CPU.Build.0 = Release|Any CPU
	EndGlobalSection
EndGlobal
