
Microsoft Visual Studio Solution File, Format Version 12.00
Project("{FAE04EC0-301F-11D3-BF4B-00C04F79EFBC}") = "LivelyTowns", "LivelyTowns.csproj", "{9C3CCF06-216F-41A3-87ED-6B985801E0FB}"
EndProject
Global
	GlobalSection(SolutionConfigurationPlatforms) = preSolution
		Debug|Any CPU = Debug|Any CPU
		Release|Any CPU = Release|Any CPU
	EndGlobalSection
	GlobalSection(ProjectConfigurationPlatforms) = postSolution
		{9C3CCF06-216F-41A3-87ED-6B985801E0FB}.Debug|Any CPU.ActiveCfg = Debug|Any CPU
		{9C3CCF06-216F-41A3-87ED-6B985801E0FB}.Debug|Any CPU.Build.0 = Debug|Any CPU
		{9C3CCF06-216F-41A3-87ED-6B985801E0FB}.Release|Any CPU.ActiveCfg = Release|Any CPU
		{9C3CCF06-216F-41A3-87ED-6B985801E0FB}.Release|Any CPU.Build.0 = Release|Any CPU
	EndGlobalSection
EndGlobal
